
Microsoft Visual Studio Solution File, Format Version 12.00
# Visual Studio Version 17
VisualStudioVersion = 17.3.32929.385
MinimumVisualStudioVersion = 10.0.40219.1
Project("{FAE04EC0-301F-11D3-BF4B-00C04F79EFBC}") = "HW1_8", "HW1_8\HW1_8.csproj", "{35379495-30A9-4FBE-B81F-F392E92E080E}"
EndProject
Global
	GlobalSection(SolutionConfigurationPlatforms) = preSolution
		Debug|Any CPU = Debug|Any CPU
		Release|Any CPU = Release|Any CPU
	EndGlobalSection
	GlobalSection(ProjectConfigurationPlatforms) = postSolution
		{35379495-30A9-4FBE-B81F-F392E92E080E}.Debug|Any CPU.ActiveCfg = Debug|Any CPU
		{35379495-30A9-4FBE-B81F-F392E92E080E}.Debug|Any CPU.Build.0 = Debug|Any CPU
		{35379495-30A9-4FBE-B81F-F392E92E080E}.Release|Any CPU.ActiveCfg = Release|Any CPU
		{35379495-30A9-4FBE-B81F-F392E92E080E}.Release|Any CPU.Build.0 = Release|Any CPU
	EndGlobalSection
	GlobalSection(SolutionProperties) = preSolution
		HideSolutionNode = FALSE
	EndGlobalSection
	GlobalSection(ExtensibilityGlobals) = postSolution
		SolutionGuid = {2ECC06DA-A816-47D6-BCD8-736C3604B3F0}
	EndGlobalSection
EndGlobal
